
Microsoft Visual Studio Solution File, Format Version 12.00
# Visual Studio 2012
Project("{FAE04EC0-301F-11D3-BF4B-00C04F79EFBC}") = "Dapper.Oracle.Example", "Dapper.Oracle.Example\Dapper.Oracle.Example.csproj", "{095B5A62-B788-4D12-B0B6-B5CB045C8D4C}"
EndProject
Project("{FAE04EC0-301F-11D3-BF4B-00C04F79EFBC}") = "Oracle.Example.UnitTests", "Oracle.Example.UnitTests\Oracle.Example.UnitTests.csproj", "{50DA843F-EDC6-43B4-9961-28F7D9CB9FB2}"
EndProject
Project("{FAE04EC0-301F-11D3-BF4B-00C04F79EFBC}") = "NHibernate.Oracle.Example", "NHibernate.Oracle.Example\NHibernate.Oracle.Example.csproj", "{289BE059-82A7-467E-B3B7-1205E29E562F}"
EndProject
Global
	GlobalSection(SolutionConfigurationPlatforms) = preSolution
		Debug|Any CPU = Debug|Any CPU
		Release|Any CPU = Release|Any CPU
	EndGlobalSection
	GlobalSection(ProjectConfigurationPlatforms) = postSolution
		{095B5A62-B788-4D12-B0B6-B5CB045C8D4C}.Debug|Any CPU.ActiveCfg = Debug|Any CPU
		{095B5A62-B788-4D12-B0B6-B5CB045C8D4C}.Debug|Any CPU.Build.0 = Debug|Any CPU
		{095B5A62-B788-4D12-B0B6-B5CB045C8D4C}.Release|Any CPU.ActiveCfg = Release|Any CPU
		{095B5A62-B788-4D12-B0B6-B5CB045C8D4C}.Release|Any CPU.Build.0 = Release|Any CPU
		{50DA843F-EDC6-43B4-9961-28F7D9CB9FB2}.Debug|Any CPU.ActiveCfg = Debug|Any CPU
		{50DA843F-EDC6-43B4-9961-28F7D9CB9FB2}.Debug|Any CPU.Build.0 = Debug|Any CPU
		{50DA843F-EDC6-43B4-9961-28F7D9CB9FB2}.Release|Any CPU.ActiveCfg = Release|Any CPU
		{50DA843F-EDC6-43B4-9961-28F7D9CB9FB2}.Release|Any CPU.Build.0 = Release|Any CPU
		{289BE059-82A7-467E-B3B7-1205E29E562F}.Debug|Any CPU.ActiveCfg = Debug|Any CPU
		{289BE059-82A7-467E-B3B7-1205E29E562F}.Debug|Any CPU.Build.0 = Debug|Any CPU
		{289BE059-82A7-467E-B3B7-1205E29E562F}.Release|Any CPU.ActiveCfg = Release|Any CPU
		{289BE059-82A7-467E-B3B7-1205E29E562F}.Release|Any CPU.Build.0 = Release|Any CPU
	EndGlobalSection
	GlobalSection(SolutionProperties) = preSolution
		HideSolutionNode = FALSE
	EndGlobalSection
EndGlobal
